
Microsoft Visual Studio Solution File, Format Version 12.00
# Visual Studio Version 17
VisualStudioVersion = 17.8.34601.278
MinimumVisualStudioVersion = 10.0.40219.1
Project("{2150E333-8FDC-42A3-9474-1A3956D46DE8}") = "src", "src", "{422AE754-B427-4778-9485-FF04D19F49EA}"
EndProject
Project("{2150E333-8FDC-42A3-9474-1A3956D46DE8}") = "demo", "demo", "{F66E7F1A-F8DF-4F76-A146-38284ED50E82}"
EndProject
Project("{9A19103F-16F7-4668-BE54-9A1E7A4F7556}") = "Web.EasyCore.Cache", "demo\Web.EasyCore.Cache\Web.EasyCore.Cache.csproj", "{B9CE33F4-4AE1-4AA7-BA6F-567F4D4D99DE}"
EndProject
Project("{2150E333-8FDC-42A3-9474-1A3956D46DE8}") = "tests", "tests", "{0AB3BF05-4346-4AA6-1389-037BE0695223}"
EndProject
Project("{FAE04EC0-301F-11D3-BF4B-00C04F79EFBC}") = "EasyCore.Cache.Tests", "tests\EasyCore.Cache.Tests\EasyCore.Cache.Tests.csproj", "{232CC5DD-4D67-40A5-BE2A-A51434FA9BC6}"
EndProject
Project("{FAE04EC0-301F-11D3-BF4B-00C04F79EFBC}") = "EasyCore.Redis", "src\EasyCore.Redis\EasyCore.Redis.csproj", "{7C22B88D-9D6B-3DF5-8F59-B8756AD64CEA}"
EndProject
Project("{FAE04EC0-301F-11D3-BF4B-00C04F79EFBC}") = "EasyCore.Redis.Distributed", "src\EasyCore.Redis.Distributed\EasyCore.Redis.Distributed.csproj", "{4C08CE3E-530C-7C0D-251A-CA65F71C7F23}"
EndProject
Project("{FAE04EC0-301F-11D3-BF4B-00C04F79EFBC}") = "EasyCore.Redis.Locking", "src\EasyCore.Redis.Locking\EasyCore.Redis.Locking.csproj", "{4BCEDEB3-4608-A4D2-783C-83A9714A37D7}"
EndProject
Project("{FAE04EC0-301F-11D3-BF4B-00C04F79EFBC}") = "EasyCore.Redis.Service", "src\EasyCore.Redis.Service\EasyCore.Redis.Service.csproj", "{87962086-ACA5-6137-F67B-C146094A04C0}"
EndProject
Global
	GlobalSection(SolutionConfigurationPlatforms) = preSolution
		Debug|Any CPU = Debug|Any CPU
		Debug|x64 = Debug|x64
		Debug|x86 = Debug|x86
		Release|Any CPU = Release|Any CPU
		Release|x64 = Release|x64
		Release|x86 = Release|x86
	EndGlobalSection
	GlobalSection(ProjectConfigurationPlatforms) = postSolution
		{B9CE33F4-4AE1-4AA7-BA6F-567F4D4D99DE}.Debug|Any CPU.ActiveCfg = Debug|Any CPU
		{B9CE33F4-4AE1-4AA7-BA6F-567F4D4D99DE}.Debug|Any CPU.Build.0 = Debug|Any CPU
		{B9CE33F4-4AE1-4AA7-BA6F-567F4D4D99DE}.Debug|x64.ActiveCfg = Debug|Any CPU
		{B9CE33F4-4AE1-4AA7-BA6F-567F4D4D99DE}.Debug|x64.Build.0 = Debug|Any CPU
		{B9CE33F4-4AE1-4AA7-BA6F-567F4D4D99DE}.Debug|x86.ActiveCfg = Debug|Any CPU
		{B9CE33F4-4AE1-4AA7-BA6F-567F4D4D99DE}.Debug|x86.Build.0 = Debug|Any CPU
		{B9CE33F4-4AE1-4AA7-BA6F-567F4D4D99DE}.Release|Any CPU.ActiveCfg = Release|Any CPU
		{B9CE33F4-4AE1-4AA7-BA6F-567F4D4D99DE}.Release|Any CPU.Build.0 = Release|Any CPU
		{B9CE33F4-4AE1-4AA7-BA6F-567F4D4D99DE}.Release|x64.ActiveCfg = Release|Any CPU
		{B9CE33F4-4AE1-4AA7-BA6F-567F4D4D99DE}.Release|x64.Build.0 = Release|Any CPU
		{B9CE33F4-4AE1-4AA7-BA6F-567F4D4D99DE}.Release|x86.ActiveCfg = Release|Any CPU
		{B9CE33F4-4AE1-4AA7-BA6F-567F4D4D99DE}.Release|x86.Build.0 = Release|Any CPU
		{232CC5DD-4D67-40A5-BE2A-A51434FA9BC6}.Debug|Any CPU.ActiveCfg = Debug|Any CPU
		{232CC5DD-4D67-40A5-BE2A-A51434FA9BC6}.Debug|Any CPU.Build.0 = Debug|Any CPU
		{232CC5DD-4D67-40A5-BE2A-A51434FA9BC6}.Debug|x64.ActiveCfg = Debug|Any CPU
		{232CC5DD-4D67-40A5-BE2A-A51434FA9BC6}.Debug|x64.Build.0 = Debug|Any CPU
		{232CC5DD-4D67-40A5-BE2A-A51434FA9BC6}.Debug|x86.ActiveCfg = Debug|Any CPU
		{232CC5DD-4D67-40A5-BE2A-A51434FA9BC6}.Debug|x86.Build.0 = Debug|Any CPU
		{232CC5DD-4D67-40A5-BE2A-A51434FA9BC6}.Release|Any CPU.ActiveCfg = Release|Any CPU
		{232CC5DD-4D67-40A5-BE2A-A51434FA9BC6}.Release|Any CPU.Build.0 = Release|Any CPU
		{232CC5DD-4D67-40A5-BE2A-A51434FA9BC6}.Release|x64.ActiveCfg = Release|Any CPU
		{232CC5DD-4D67-40A5-BE2A-A51434FA9BC6}.Release|x64.Build.0 = Release|Any CPU
		{232CC5DD-4D67-40A5-BE2A-A51434FA9BC6}.Release|x86.ActiveCfg = Release|Any CPU
		{232CC5DD-4D67-40A5-BE2A-A51434FA9BC6}.Release|x86.Build.0 = Release|Any CPU
		{7C22B88D-9D6B-3DF5-8F59-B8756AD64CEA}.Debug|Any CPU.ActiveCfg = Debug|Any CPU
		{7C22B88D-9D6B-3DF5-8F59-B8756AD64CEA}.Debug|Any CPU.Build.0 = Debug|Any CPU
		{7C22B88D-9D6B-3DF5-8F59-B8756AD64CEA}.Debug|x64.ActiveCfg = Debug|Any CPU
		{7C22B88D-9D6B-3DF5-8F59-B8756AD64CEA}.Debug|x64.Build.0 = Debug|Any CPU
		{7C22B88D-9D6B-3DF5-8F59-B8756AD64CEA}.Debug|x86.ActiveCfg = Debug|Any CPU
		{7C22B88D-9D6B-3DF5-8F59-B8756AD64CEA}.Debug|x86.Build.0 = Debug|Any CPU
		{7C22B88D-9D6B-3DF5-8F59-B8756AD64CEA}.Release|Any CPU.ActiveCfg = Release|Any CPU
		{7C22B88D-9D6B-3DF5-8F59-B8756AD64CEA}.Release|Any CPU.Build.0 = Release|Any CPU
		{7C22B88D-9D6B-3DF5-8F59-B8756AD64CEA}.Release|x64.ActiveCfg = Release|Any CPU
		{7C22B88D-9D6B-3DF5-8F59-B8756AD64CEA}.Release|x64.Build.0 = Release|Any CPU
		{7C22B88D-9D6B-3DF5-8F59-B8756AD64CEA}.Release|x86.ActiveCfg = Release|Any CPU
		{7C22B88D-9D6B-3DF5-8F59-B8756AD64CEA}.Release|x86.Build.0 = Release|Any CPU
		{4C08CE3E-530C-7C0D-251A-CA65F71C7F23}.Debug|Any CPU.ActiveCfg = Debug|Any CPU
		{4C08CE3E-530C-7C0D-251A-CA65F71C7F23}.Debug|Any CPU.Build.0 = Debug|Any CPU
		{4C08CE3E-530C-7C0D-251A-CA65F71C7F23}.Debug|x64.ActiveCfg = Debug|Any CPU
		{4C08CE3E-530C-7C0D-251A-CA65F71C7F23}.Debug|x64.Build.0 = Debug|Any CPU
		{4C08CE3E-530C-7C0D-251A-CA65F71C7F23}.Debug|x86.ActiveCfg = Debug|Any CPU
		{4C08CE3E-530C-7C0D-251A-CA65F71C7F23}.Debug|x86.Build.0 = Debug|Any CPU
		{4C08CE3E-530C-7C0D-251A-CA65F71C7F23}.Release|Any CPU.ActiveCfg = Release|Any CPU
		{4C08CE3E-530C-7C0D-251A-CA65F71C7F23}.Release|Any CPU.Build.0 = Release|Any CPU
		{4C08CE3E-530C-7C0D-251A-CA65F71C7F23}.Release|x64.ActiveCfg = Release|Any CPU
		{4C08CE3E-530C-7C0D-251A-CA65F71C7F23}.Release|x64.Build.0 = Release|Any CPU
		{4C08CE3E-530C-7C0D-251A-CA65F71C7F23}.Release|x86.ActiveCfg = Release|Any CPU
		{4C08CE3E-530C-7C0D-251A-CA65F71C7F23}.Release|x86.Build.0 = Release|Any CPU
		{4BCEDEB3-4608-A4D2-783C-83A9714A37D7}.Debug|Any CPU.ActiveCfg = Debug|Any CPU
		{4BCEDEB3-4608-A4D2-783C-83A9714A37D7}.Debug|Any CPU.Build.0 = Debug|Any CPU
		{4BCEDEB3-4608-A4D2-783C-83A9714A37D7}.Debug|x64.ActiveCfg = Debug|Any CPU
		{4BCEDEB3-4608-A4D2-783C-83A9714A37D7}.Debug|x64.Build.0 = Debug|Any CPU
		{4BCEDEB3-4608-A4D2-783C-83A9714A37D7}.Debug|x86.ActiveCfg = Debug|Any CPU
		{4BCEDEB3-4608-A4D2-783C-83A9714A37D7}.Debug|x86.Build.0 = Debug|Any CPU
		{4BCEDEB3-4608-A4D2-783C-83A9714A37D7}.Release|Any CPU.ActiveCfg = Release|Any CPU
		{4BCEDEB3-4608-A4D2-783C-83A9714A37D7}.Release|Any CPU.Build.0 = Release|Any CPU
		{4BCEDEB3-4608-A4D2-783C-83A9714A37D7}.Release|x64.ActiveCfg = Release|Any CPU
		{4BCEDEB3-4608-A4D2-783C-83A9714A37D7}.Release|x64.Build.0 = Release|Any CPU
		{4BCEDEB3-4608-A4D2-783C-83A9714A37D7}.Release|x86.ActiveCfg = Release|Any CPU
		{4BCEDEB3-4608-A4D2-783C-83A9714A37D7}.Release|x86.Build.0 = Release|Any CPU
		{87962086-ACA5-6137-F67B-C146094A04C0}.Debug|Any CPU.ActiveCfg = Debug|Any CPU
		{87962086-ACA5-6137-F67B-C146094A04C0}.Debug|Any CPU.Build.0 = Debug|Any CPU
		{87962086-ACA5-6137-F67B-C146094A04C0}.Debug|x64.ActiveCfg = Debug|Any CPU
		{87962086-ACA5-6137-F67B-C146094A04C0}.Debug|x64.Build.0 = Debug|Any CPU
		{87962086-ACA5-6137-F67B-C146094A04C0}.Debug|x86.ActiveCfg = Debug|Any CPU
		{87962086-ACA5-6137-F67B-C146094A04C0}.Debug|x86.Build.0 = Debug|Any CPU
		{87962086-ACA5-6137-F67B-C146094A04C0}.Release|Any CPU.ActiveCfg = Release|Any CPU
		{87962086-ACA5-6137-F67B-C146094A04C0}.Release|Any CPU.Build.0 = Release|Any CPU
		{87962086-ACA5-6137-F67B-C146094A04C0}.Release|x64.ActiveCfg = Release|Any CPU
		{87962086-ACA5-6137-F67B-C146094A04C0}.Release|x64.Build.0 = Release|Any CPU
		{87962086-ACA5-6137-F67B-C146094A04C0}.Release|x86.ActiveCfg = Release|Any CPU
		{87962086-ACA5-6137-F67B-C146094A04C0}.Release|x86.Build.0 = Release|Any CPU
	EndGlobalSection
	GlobalSection(SolutionProperties) = preSolution
		HideSolutionNode = FALSE
	EndGlobalSection
	GlobalSection(NestedProjects) = preSolution
		{B9CE33F4-4AE1-4AA7-BA6F-567F4D4D99DE} = {F66E7F1A-F8DF-4F76-A146-38284ED50E82}
		{232CC5DD-4D67-40A5-BE2A-A51434FA9BC6} = {0AB3BF05-4346-4AA6-1389-037BE0695223}
		{7C22B88D-9D6B-3DF5-8F59-B8756AD64CEA} = {422AE754-B427-4778-9485-FF04D19F49EA}
		{4C08CE3E-530C-7C0D-251A-CA65F71C7F23} = {422AE754-B427-4778-9485-FF04D19F49EA}
		{4BCEDEB3-4608-A4D2-783C-83A9714A37D7} = {422AE754-B427-4778-9485-FF04D19F49EA}
		{87962086-ACA5-6137-F67B-C146094A04C0} = {422AE754-B427-4778-9485-FF04D19F49EA}
	EndGlobalSection
	GlobalSection(ExtensibilityGlobals) = postSolution
		SolutionGuid = {30827D33-4F6E-4588-8C6D-A00B5491414F}
	EndGlobalSection
EndGlobal
