
Microsoft Visual Studio Solution File, Format Version 12.00
# Visual Studio Version 17
VisualStudioVersion = 17.8.34601.278
MinimumVisualStudioVersion = 10.0.40219.1
Project("{2150E333-8FDC-42A3-9474-1A3956D46DE8}") = "src", "src", "{422AE754-B427-4778-9485-FF04D19F49EA}"
EndProject
Project("{2150E333-8FDC-42A3-9474-1A3956D46DE8}") = "demo", "demo", "{F66E7F1A-F8DF-4F76-A146-38284ED50E82}"
EndProject
Project("{9A19103F-16F7-4668-BE54-9A1E7A4F7556}") = "EasyCore.Redis", "src\EasyCore.Redis\EasyCore.Redis.csproj", "{F8532552-CE49-43B8-B444-88633E27458D}"
EndProject
Project("{9A19103F-16F7-4668-BE54-9A1E7A4F7556}") = "EasyCore.Redis.Distributed", "src\EasyCore.Redis.Distributed\EasyCore.Redis.Distributed.csproj", "{D2B03745-BD5A-49EC-9A6B-83E60288C49B}"
EndProject
Project("{9A19103F-16F7-4668-BE54-9A1E7A4F7556}") = "Web.EasyCore.Cache", "demo\Web.EasyCore.Cache\Web.EasyCore.Cache.csproj", "{B9CE33F4-4AE1-4AA7-BA6F-567F4D4D99DE}"
EndProject
Project("{9A19103F-16F7-4668-BE54-9A1E7A4F7556}") = "EasyCore.Redis.Locking", "src\EasyCore.Redis.Locking\EasyCore.Redis.Locking.csproj", "{3E981C74-AC14-4D98-8D1F-18291082CD1B}"
EndProject
Project("{9A19103F-16F7-4668-BE54-9A1E7A4F7556}") = "EasyCore.Redis.Service", "src\EasyCore.Redis.Service\EasyCore.Redis.Service.csproj", "{D79C543D-AF38-44FA-BEEF-44F133029F20}"
EndProject
Project("{2150E333-8FDC-42A3-9474-1A3956D46DE8}") = "tests", "tests", "{0AB3BF05-4346-4AA6-1389-037BE0695223}"
EndProject
Project("{FAE04EC0-301F-11D3-BF4B-00C04F79EFBC}") = "EasyCore.Cache.Tests", "tests\EasyCore.Cache.Tests\EasyCore.Cache.Tests.csproj", "{232CC5DD-4D67-40A5-BE2A-A51434FA9BC6}"
EndProject
Global
	GlobalSection(SolutionConfigurationPlatforms) = preSolution
		Debug|Any CPU = Debug|Any CPU
		Debug|x64 = Debug|x64
		Debug|x86 = Debug|x86
		Release|Any CPU = Release|Any CPU
		Release|x64 = Release|x64
		Release|x86 = Release|x86
	EndGlobalSection
	GlobalSection(ProjectConfigurationPlatforms) = postSolution
		{F8532552-CE49-43B8-B444-88633E27458D}.Debug|Any CPU.ActiveCfg = Debug|Any CPU
		{F8532552-CE49-43B8-B444-88633E27458D}.Debug|Any CPU.Build.0 = Debug|Any CPU
		{F8532552-CE49-43B8-B444-88633E27458D}.Debug|x64.ActiveCfg = Debug|Any CPU
		{F8532552-CE49-43B8-B444-88633E27458D}.Debug|x64.Build.0 = Debug|Any CPU
		{F8532552-CE49-43B8-B444-88633E27458D}.Debug|x86.ActiveCfg = Debug|Any CPU
		{F8532552-CE49-43B8-B444-88633E27458D}.Debug|x86.Build.0 = Debug|Any CPU
		{F8532552-CE49-43B8-B444-88633E27458D}.Release|Any CPU.ActiveCfg = Release|Any CPU
		{F8532552-CE49-43B8-B444-88633E27458D}.Release|Any CPU.Build.0 = Release|Any CPU
		{F8532552-CE49-43B8-B444-88633E27458D}.Release|x64.ActiveCfg = Release|Any CPU
		{F8532552-CE49-43B8-B444-88633E27458D}.Release|x64.Build.0 = Release|Any CPU
		{F8532552-CE49-43B8-B444-88633E27458D}.Release|x86.ActiveCfg = Release|Any CPU
		{F8532552-CE49-43B8-B444-88633E27458D}.Release|x86.Build.0 = Release|Any CPU
		{D2B03745-BD5A-49EC-9A6B-83E60288C49B}.Debug|Any CPU.ActiveCfg = Debug|Any CPU
		{D2B03745-BD5A-49EC-9A6B-83E60288C49B}.Debug|Any CPU.Build.0 = Debug|Any CPU
		{D2B03745-BD5A-49EC-9A6B-83E60288C49B}.Debug|x64.ActiveCfg = Debug|Any CPU
		{D2B03745-BD5A-49EC-9A6B-83E60288C49B}.Debug|x64.Build.0 = Debug|Any CPU
		{D2B03745-BD5A-49EC-9A6B-83E60288C49B}.Debug|x86.ActiveCfg = Debug|Any CPU
		{D2B03745-BD5A-49EC-9A6B-83E60288C49B}.Debug|x86.Build.0 = Debug|Any CPU
		{D2B03745-BD5A-49EC-9A6B-83E60288C49B}.Release|Any CPU.ActiveCfg = Release|Any CPU
		{D2B03745-BD5A-49EC-9A6B-83E60288C49B}.Release|Any CPU.Build.0 = Release|Any CPU
		{D2B03745-BD5A-49EC-9A6B-83E60288C49B}.Release|x64.ActiveCfg = Release|Any CPU
		{D2B03745-BD5A-49EC-9A6B-83E60288C49B}.Release|x64.Build.0 = Release|Any CPU
		{D2B03745-BD5A-49EC-9A6B-83E60288C49B}.Release|x86.ActiveCfg = Release|Any CPU
		{D2B03745-BD5A-49EC-9A6B-83E60288C49B}.Release|x86.Build.0 = Release|Any CPU
		{B9CE33F4-4AE1-4AA7-BA6F-567F4D4D99DE}.Debug|Any CPU.ActiveCfg = Debug|Any CPU
		{B9CE33F4-4AE1-4AA7-BA6F-567F4D4D99DE}.Debug|Any CPU.Build.0 = Debug|Any CPU
		{B9CE33F4-4AE1-4AA7-BA6F-567F4D4D99DE}.Debug|x64.ActiveCfg = Debug|Any CPU
		{B9CE33F4-4AE1-4AA7-BA6F-567F4D4D99DE}.Debug|x64.Build.0 = Debug|Any CPU
		{B9CE33F4-4AE1-4AA7-BA6F-567F4D4D99DE}.Debug|x86.ActiveCfg = Debug|Any CPU
		{B9CE33F4-4AE1-4AA7-BA6F-567F4D4D99DE}.Debug|x86.Build.0 = Debug|Any CPU
		{B9CE33F4-4AE1-4AA7-BA6F-567F4D4D99DE}.Release|Any CPU.ActiveCfg = Release|Any CPU
		{B9CE33F4-4AE1-4AA7-BA6F-567F4D4D99DE}.Release|Any CPU.Build.0 = Release|Any CPU
		{B9CE33F4-4AE1-4AA7-BA6F-567F4D4D99DE}.Release|x64.ActiveCfg = Release|Any CPU
		{B9CE33F4-4AE1-4AA7-BA6F-567F4D4D99DE}.Release|x64.Build.0 = Release|Any CPU
		{B9CE33F4-4AE1-4AA7-BA6F-567F4D4D99DE}.Release|x86.ActiveCfg = Release|Any CPU
		{B9CE33F4-4AE1-4AA7-BA6F-567F4D4D99DE}.Release|x86.Build.0 = Release|Any CPU
		{3E981C74-AC14-4D98-8D1F-18291082CD1B}.Debug|Any CPU.ActiveCfg = Debug|Any CPU
		{3E981C74-AC14-4D98-8D1F-18291082CD1B}.Debug|Any CPU.Build.0 = Debug|Any CPU
		{3E981C74-AC14-4D98-8D1F-18291082CD1B}.Debug|x64.ActiveCfg = Debug|Any CPU
		{3E981C74-AC14-4D98-8D1F-18291082CD1B}.Debug|x64.Build.0 = Debug|Any CPU
		{3E981C74-AC14-4D98-8D1F-18291082CD1B}.Debug|x86.ActiveCfg = Debug|Any CPU
		{3E981C74-AC14-4D98-8D1F-18291082CD1B}.Debug|x86.Build.0 = Debug|Any CPU
		{3E981C74-AC14-4D98-8D1F-18291082CD1B}.Release|Any CPU.ActiveCfg = Release|Any CPU
		{3E981C74-AC14-4D98-8D1F-18291082CD1B}.Release|Any CPU.Build.0 = Release|Any CPU
		{3E981C74-AC14-4D98-8D1F-18291082CD1B}.Release|x64.ActiveCfg = Release|Any CPU
		{3E981C74-AC14-4D98-8D1F-18291082CD1B}.Release|x64.Build.0 = Release|Any CPU
		{3E981C74-AC14-4D98-8D1F-18291082CD1B}.Release|x86.ActiveCfg = Release|Any CPU
		{3E981C74-AC14-4D98-8D1F-18291082CD1B}.Release|x86.Build.0 = Release|Any CPU
		{D79C543D-AF38-44FA-BEEF-44F133029F20}.Debug|Any CPU.ActiveCfg = Debug|Any CPU
		{D79C543D-AF38-44FA-BEEF-44F133029F20}.Debug|Any CPU.Build.0 = Debug|Any CPU
		{D79C543D-AF38-44FA-BEEF-44F133029F20}.Debug|x64.ActiveCfg = Debug|Any CPU
		{D79C543D-AF38-44FA-BEEF-44F133029F20}.Debug|x64.Build.0 = Debug|Any CPU
		{D79C543D-AF38-44FA-BEEF-44F133029F20}.Debug|x86.ActiveCfg = Debug|Any CPU
		{D79C543D-AF38-44FA-BEEF-44F133029F20}.Debug|x86.Build.0 = Debug|Any CPU
		{D79C543D-AF38-44FA-BEEF-44F133029F20}.Release|Any CPU.ActiveCfg = Release|Any CPU
		{D79C543D-AF38-44FA-BEEF-44F133029F20}.Release|Any CPU.Build.0 = Release|Any CPU
		{D79C543D-AF38-44FA-BEEF-44F133029F20}.Release|x64.ActiveCfg = Release|Any CPU
		{D79C543D-AF38-44FA-BEEF-44F133029F20}.Release|x64.Build.0 = Release|Any CPU
		{D79C543D-AF38-44FA-BEEF-44F133029F20}.Release|x86.ActiveCfg = Release|Any CPU
		{D79C543D-AF38-44FA-BEEF-44F133029F20}.Release|x86.Build.0 = Release|Any CPU
		{232CC5DD-4D67-40A5-BE2A-A51434FA9BC6}.Debug|Any CPU.ActiveCfg = Debug|Any CPU
		{232CC5DD-4D67-40A5-BE2A-A51434FA9BC6}.Debug|Any CPU.Build.0 = Debug|Any CPU
		{232CC5DD-4D67-40A5-BE2A-A51434FA9BC6}.Debug|x64.ActiveCfg = Debug|Any CPU
		{232CC5DD-4D67-40A5-BE2A-A51434FA9BC6}.Debug|x64.Build.0 = Debug|Any CPU
		{232CC5DD-4D67-40A5-BE2A-A51434FA9BC6}.Debug|x86.ActiveCfg = Debug|Any CPU
		{232CC5DD-4D67-40A5-BE2A-A51434FA9BC6}.Debug|x86.Build.0 = Debug|Any CPU
		{232CC5DD-4D67-40A5-BE2A-A51434FA9BC6}.Release|Any CPU.ActiveCfg = Release|Any CPU
		{232CC5DD-4D67-40A5-BE2A-A51434FA9BC6}.Release|Any CPU.Build.0 = Release|Any CPU
		{232CC5DD-4D67-40A5-BE2A-A51434FA9BC6}.Release|x64.ActiveCfg = Release|Any CPU
		{232CC5DD-4D67-40A5-BE2A-A51434FA9BC6}.Release|x64.Build.0 = Release|Any CPU
		{232CC5DD-4D67-40A5-BE2A-A51434FA9BC6}.Release|x86.ActiveCfg = Release|Any CPU
		{232CC5DD-4D67-40A5-BE2A-A51434FA9BC6}.Release|x86.Build.0 = Release|Any CPU
	EndGlobalSection
	GlobalSection(SolutionProperties) = preSolution
		HideSolutionNode = FALSE
	EndGlobalSection
	GlobalSection(NestedProjects) = preSolution
		{F8532552-CE49-43B8-B444-88633E27458D} = {422AE754-B427-4778-9485-FF04D19F49EA}
		{D2B03745-BD5A-49EC-9A6B-83E60288C49B} = {422AE754-B427-4778-9485-FF04D19F49EA}
		{B9CE33F4-4AE1-4AA7-BA6F-567F4D4D99DE} = {F66E7F1A-F8DF-4F76-A146-38284ED50E82}
		{3E981C74-AC14-4D98-8D1F-18291082CD1B} = {422AE754-B427-4778-9485-FF04D19F49EA}
		{D79C543D-AF38-44FA-BEEF-44F133029F20} = {422AE754-B427-4778-9485-FF04D19F49EA}
		{232CC5DD-4D67-40A5-BE2A-A51434FA9BC6} = {0AB3BF05-4346-4AA6-1389-037BE0695223}
	EndGlobalSection
	GlobalSection(ExtensibilityGlobals) = postSolution
		SolutionGuid = {30827D33-4F6E-4588-8C6D-A00B5491414F}
	EndGlobalSection
EndGlobal
